
Microsoft Visual Studio Solution File, Format Version 12.00
# Visual Studio 15
VisualStudioVersion = 15.0.26124.0
MinimumVisualStudioVersion = 15.0.26124.0
Project("{FAE04EC0-301F-11D3-BF4B-00C04F79EFBC}") = "DesignPatterns", "DesignPatterns\DesignPatterns.csproj", "{088FF0E1-EF75-40DA-8018-6F015AE17C32}"
EndProject
Project("{FAE04EC0-301F-11D3-BF4B-00C04F79EFBC}") = "MementoPattern", "MementoPattern\MementoPattern.csproj", "{18030A0A-653D-416D-8CDA-1EDFF7A3FCD7}"
EndProject
Project("{FAE04EC0-301F-11D3-BF4B-00C04F79EFBC}") = "MementoExercise", "MementoExercise\MementoExercise.csproj", "{E39189F1-10D4-42F5-84DF-CBAAC03C0769}"
EndProject
Project("{FAE04EC0-301F-11D3-BF4B-00C04F79EFBC}") = "StatePattern", "StatePattern\StatePattern.csproj", "{BA752ED2-4939-45B5-BEBC-E2C91B292015}"
EndProject
Project("{FAE04EC0-301F-11D3-BF4B-00C04F79EFBC}") = "StateExercise", "StateExercise\StateExercise.csproj", "{9D7208C2-5BB7-4874-B2F0-B31BADAE8D11}"
EndProject
Project("{FAE04EC0-301F-11D3-BF4B-00C04F79EFBC}") = "IteratorPattern", "IteratorPattern\IteratorPattern.csproj", "{709B02B5-863E-4AAB-8389-6999569CB0A6}"
EndProject
Project("{FAE04EC0-301F-11D3-BF4B-00C04F79EFBC}") = "IteratorPatternMadeSimple", "IteratorPatternMadeSimple\IteratorPatternMadeSimple.csproj", "{3DD37088-A84A-43DC-A17D-B30863EF44F5}"
EndProject
Project("{FAE04EC0-301F-11D3-BF4B-00C04F79EFBC}") = "IteratorExercise", "IteratorExercise\IteratorExercise.csproj", "{72E1182A-3945-432B-A7B0-07CCBB2A8089}"
EndProject
Project("{FAE04EC0-301F-11D3-BF4B-00C04F79EFBC}") = "StrategyPattern", "StrategyPattern\StrategyPattern.csproj", "{01A6DB4E-4A8D-4C4C-9DC9-DDF698F02FEB}"
EndProject
Project("{FAE04EC0-301F-11D3-BF4B-00C04F79EFBC}") = "StrategyPatternWithDelegates", "StrategyPatternWithDelegates\StrategyPatternWithDelegates.csproj", "{A03C1E67-7D84-438F-88C0-50EE45E98549}"
EndProject
Project("{FAE04EC0-301F-11D3-BF4B-00C04F79EFBC}") = "StrategyExercise", "StrategyExercise\StrategyExercise.csproj", "{468C74F9-83F0-4BF2-8481-BCB41E676552}"
EndProject
Project("{FAE04EC0-301F-11D3-BF4B-00C04F79EFBC}") = "TemplatePattern", "TemplatePattern\TemplatePattern.csproj", "{03F76E1A-9BAB-4FEE-825B-E100F076210C}"
EndProject
Project("{FAE04EC0-301F-11D3-BF4B-00C04F79EFBC}") = "TemplateExercise", "TemplateExercise\TemplateExercise.csproj", "{F2A11A44-00BC-424F-A807-9E98987BEC8C}"
EndProject
Project("{FAE04EC0-301F-11D3-BF4B-00C04F79EFBC}") = "CommandPattern", "CommandPattern\CommandPattern.csproj", "{6C435175-5596-4E49-86D9-ACC47267557C}"
EndProject
Project("{FAE04EC0-301F-11D3-BF4B-00C04F79EFBC}") = "CommandExercise", "CommandExercise\CommandExercise.csproj", "{9A16CD78-C487-467C-87EC-2C81B152FD3E}"
EndProject
Project("{FAE04EC0-301F-11D3-BF4B-00C04F79EFBC}") = "ObserverPattern", "ObserverPattern\ObserverPattern.csproj", "{58D990DC-1C30-41B8-B9F1-54E553E8ABDA}"
EndProject
Project("{FAE04EC0-301F-11D3-BF4B-00C04F79EFBC}") = "ObserverPatternUsingEventsAndDelegates", "ObserverPatternUsingEventsAndDelegates\ObserverPatternUsingEventsAndDelegates.csproj", "{7CD9EF02-8DC0-42B4-A5C0-803EF0454C77}"
EndProject
Project("{FAE04EC0-301F-11D3-BF4B-00C04F79EFBC}") = "ObserverExercise", "ObserverExercise\ObserverExercise.csproj", "{14FFF64E-716D-431D-9454-D888E2D8CC00}"
EndProject
Project("{FAE04EC0-301F-11D3-BF4B-00C04F79EFBC}") = "MediatorPattern", "MediatorPattern\MediatorPattern.csproj", "{9BE63C9D-40FF-4CC0-8BE1-E4DD9B652A90}"
EndProject
Project("{FAE04EC0-301F-11D3-BF4B-00C04F79EFBC}") = "MediatorPatternUsingObservers", "MediatorPatternUsingObservers\MediatorPatternUsingObservers.csproj", "{3E5EA46B-64AE-4857-ACB0-9CFE7877C043}"
EndProject
Project("{FAE04EC0-301F-11D3-BF4B-00C04F79EFBC}") = "MediatorPatternUsingEventsAndDelegates", "MediatorPatternUsingEventsAndDelegates\MediatorPatternUsingEventsAndDelegates.csproj", "{E35216D2-2EF5-46C0-A80A-1FAF060EAB03}"
EndProject
Project("{FAE04EC0-301F-11D3-BF4B-00C04F79EFBC}") = "MediatorExercise", "MediatorExercise\MediatorExercise.csproj", "{14C70E0C-8241-445B-883B-005D569C7BD1}"
EndProject
Project("{FAE04EC0-301F-11D3-BF4B-00C04F79EFBC}") = "ChainOfResponsibilityPattern", "ChainOfResponsibilityPattern\ChainOfResponsibilityPattern.csproj", "{498D1335-E143-4098-A673-E7783BA7C031}"
EndProject
Project("{FAE04EC0-301F-11D3-BF4B-00C04F79EFBC}") = "ChainOfResponsibilityExercise", "ChainOfResponsibilityExercise\ChainOfResponsibilityExercise.csproj", "{E295E139-52E0-4839-A0C7-D83B382BABE0}"
EndProject
Project("{FAE04EC0-301F-11D3-BF4B-00C04F79EFBC}") = "VisitorPattern", "VisitorPattern\VisitorPattern.csproj", "{FA3B9FC4-6AD7-43FC-80AE-493B2752083E}"
EndProject
Project("{FAE04EC0-301F-11D3-BF4B-00C04F79EFBC}") = "VisitorExercise", "VisitorExercise\VisitorExercise.csproj", "{1C2F5851-E831-496A-87B5-9FDD587E6619}"
EndProject
Project("{FAE04EC0-301F-11D3-BF4B-00C04F79EFBC}") = "CompositePattern", "CompositePattern\CompositePattern.csproj", "{3BE352FA-08AD-45CC-AEA2-6A6D30A6845B}"
EndProject
Project("{FAE04EC0-301F-11D3-BF4B-00C04F79EFBC}") = "CompositeExercise", "CompositeExercise\CompositeExercise.csproj", "{A536788B-712B-4DBB-9C37-B70CD64FD116}"
EndProject
Project("{FAE04EC0-301F-11D3-BF4B-00C04F79EFBC}") = "AdapterPattern", "AdapterPattern\AdapterPattern.csproj", "{57E20D64-5E4A-4816-8C1E-EA55DE710361}"
EndProject
Project("{FAE04EC0-301F-11D3-BF4B-00C04F79EFBC}") = "AdapterExercise", "AdapterExercise\AdapterExercise.csproj", "{266F19ED-068A-40FD-960E-ED0190719C47}"
EndProject
Project("{FAE04EC0-301F-11D3-BF4B-00C04F79EFBC}") = "DecoratorPattern", "DecoratorPattern\DecoratorPattern.csproj", "{47D256EA-72BA-4E9A-9F1E-F99C269BDC90}"
EndProject
Project("{FAE04EC0-301F-11D3-BF4B-00C04F79EFBC}") = "DecoratorExercise", "DecoratorExercise\DecoratorExercise.csproj", "{ED494D3A-4EA2-4F67-BB0A-E9E2A31881CF}"
EndProject
Project("{FAE04EC0-301F-11D3-BF4B-00C04F79EFBC}") = "FacadePattern", "FacadePattern\FacadePattern.csproj", "{6F5B75C2-8C56-49E2-B47A-0FA38EEB5A87}"
EndProject
Project("{FAE04EC0-301F-11D3-BF4B-00C04F79EFBC}") = "FacadeExercise", "FacadeExercise\FacadeExercise.csproj", "{620CB2E8-9670-4DEB-9DA4-8C3339622A00}"
EndProject
Project("{FAE04EC0-301F-11D3-BF4B-00C04F79EFBC}") = "FlyweightPattern", "FlyweightPattern\FlyweightPattern.csproj", "{A5B1CD72-FCBF-4E34-B7ED-89469C8870BA}"
EndProject
Project("{FAE04EC0-301F-11D3-BF4B-00C04F79EFBC}") = "FlyweightExercise", "FlyweightExercise\FlyweightExercise.csproj", "{645B1A37-859D-4986-AF4C-65C5951FEBC6}"
EndProject
Project("{FAE04EC0-301F-11D3-BF4B-00C04F79EFBC}") = "BridgePattern", "BridgePattern\BridgePattern.csproj", "{7B794DCA-EF6E-4300-90E4-4031A5F05DFA}"
EndProject
Project("{FAE04EC0-301F-11D3-BF4B-00C04F79EFBC}") = "ProxyPattern", "ProxyPattern\ProxyPattern.csproj", "{62F0FEC9-8C42-422F-86CD-0C8DCEF7453B}"
EndProject
Project("{FAE04EC0-301F-11D3-BF4B-00C04F79EFBC}") = "ProxyExercise", "ProxyExercise\ProxyExercise.csproj", "{DA04D303-BEBC-40D9-9A78-52C2C432F6BA}"
EndProject
Project("{FAE04EC0-301F-11D3-BF4B-00C04F79EFBC}") = "FactoryMethodPattern", "FactoryMethodPattern\FactoryMethodPattern.csproj", "{148B07AA-8260-4F94-9AB4-F7D852B5F651}"
EndProject
Project("{FAE04EC0-301F-11D3-BF4B-00C04F79EFBC}") = "AbstractFactoryPattern", "AbstractFactoryPattern\AbstractFactoryPattern.csproj", "{0282EEEA-58D8-4F3F-92A8-EB98BB4B4A99}"
EndProject
Project("{FAE04EC0-301F-11D3-BF4B-00C04F79EFBC}") = "BuilderPattern", "BuilderPattern\BuilderPattern.csproj", "{5174CB2F-97CA-4F8A-93C0-0F6F6F421012}"
EndProject
Project("{FAE04EC0-301F-11D3-BF4B-00C04F79EFBC}") = "InterpreterPattern", "InterpreterPattern\InterpreterPattern.csproj", "{26F112C1-203F-46E8-8AFE-6034D7D4AAAA}"
EndProject
Project("{FAE04EC0-301F-11D3-BF4B-00C04F79EFBC}") = "PrototypePattern", "PrototypePattern\PrototypePattern.csproj", "{13F773FA-AAE4-4312-B543-CDF0A4358CD9}"
EndProject
Global
	GlobalSection(SolutionConfigurationPlatforms) = preSolution
		Debug|Any CPU = Debug|Any CPU
		Debug|x64 = Debug|x64
		Debug|x86 = Debug|x86
		Release|Any CPU = Release|Any CPU
		Release|x64 = Release|x64
		Release|x86 = Release|x86
	EndGlobalSection
	GlobalSection(SolutionProperties) = preSolution
		HideSolutionNode = FALSE
	EndGlobalSection
	GlobalSection(ProjectConfigurationPlatforms) = postSolution
		{088FF0E1-EF75-40DA-8018-6F015AE17C32}.Debug|Any CPU.ActiveCfg = Debug|Any CPU
		{088FF0E1-EF75-40DA-8018-6F015AE17C32}.Debug|Any CPU.Build.0 = Debug|Any CPU
		{088FF0E1-EF75-40DA-8018-6F015AE17C32}.Debug|x64.ActiveCfg = Debug|Any CPU
		{088FF0E1-EF75-40DA-8018-6F015AE17C32}.Debug|x64.Build.0 = Debug|Any CPU
		{088FF0E1-EF75-40DA-8018-6F015AE17C32}.Debug|x86.ActiveCfg = Debug|Any CPU
		{088FF0E1-EF75-40DA-8018-6F015AE17C32}.Debug|x86.Build.0 = Debug|Any CPU
		{088FF0E1-EF75-40DA-8018-6F015AE17C32}.Release|Any CPU.ActiveCfg = Release|Any CPU
		{088FF0E1-EF75-40DA-8018-6F015AE17C32}.Release|Any CPU.Build.0 = Release|Any CPU
		{088FF0E1-EF75-40DA-8018-6F015AE17C32}.Release|x64.ActiveCfg = Release|Any CPU
		{088FF0E1-EF75-40DA-8018-6F015AE17C32}.Release|x64.Build.0 = Release|Any CPU
		{088FF0E1-EF75-40DA-8018-6F015AE17C32}.Release|x86.ActiveCfg = Release|Any CPU
		{088FF0E1-EF75-40DA-8018-6F015AE17C32}.Release|x86.Build.0 = Release|Any CPU
		{18030A0A-653D-416D-8CDA-1EDFF7A3FCD7}.Debug|Any CPU.ActiveCfg = Debug|Any CPU
		{18030A0A-653D-416D-8CDA-1EDFF7A3FCD7}.Debug|Any CPU.Build.0 = Debug|Any CPU
		{18030A0A-653D-416D-8CDA-1EDFF7A3FCD7}.Debug|x64.ActiveCfg = Debug|Any CPU
		{18030A0A-653D-416D-8CDA-1EDFF7A3FCD7}.Debug|x64.Build.0 = Debug|Any CPU
		{18030A0A-653D-416D-8CDA-1EDFF7A3FCD7}.Debug|x86.ActiveCfg = Debug|Any CPU
		{18030A0A-653D-416D-8CDA-1EDFF7A3FCD7}.Debug|x86.Build.0 = Debug|Any CPU
		{18030A0A-653D-416D-8CDA-1EDFF7A3FCD7}.Release|Any CPU.ActiveCfg = Release|Any CPU
		{18030A0A-653D-416D-8CDA-1EDFF7A3FCD7}.Release|Any CPU.Build.0 = Release|Any CPU
		{18030A0A-653D-416D-8CDA-1EDFF7A3FCD7}.Release|x64.ActiveCfg = Release|Any CPU
		{18030A0A-653D-416D-8CDA-1EDFF7A3FCD7}.Release|x64.Build.0 = Release|Any CPU
		{18030A0A-653D-416D-8CDA-1EDFF7A3FCD7}.Release|x86.ActiveCfg = Release|Any CPU
		{18030A0A-653D-416D-8CDA-1EDFF7A3FCD7}.Release|x86.Build.0 = Release|Any CPU
		{E39189F1-10D4-42F5-84DF-CBAAC03C0769}.Debug|Any CPU.ActiveCfg = Debug|Any CPU
		{E39189F1-10D4-42F5-84DF-CBAAC03C0769}.Debug|Any CPU.Build.0 = Debug|Any CPU
		{E39189F1-10D4-42F5-84DF-CBAAC03C0769}.Debug|x64.ActiveCfg = Debug|Any CPU
		{E39189F1-10D4-42F5-84DF-CBAAC03C0769}.Debug|x64.Build.0 = Debug|Any CPU
		{E39189F1-10D4-42F5-84DF-CBAAC03C0769}.Debug|x86.ActiveCfg = Debug|Any CPU
		{E39189F1-10D4-42F5-84DF-CBAAC03C0769}.Debug|x86.Build.0 = Debug|Any CPU
		{E39189F1-10D4-42F5-84DF-CBAAC03C0769}.Release|Any CPU.ActiveCfg = Release|Any CPU
		{E39189F1-10D4-42F5-84DF-CBAAC03C0769}.Release|Any CPU.Build.0 = Release|Any CPU
		{E39189F1-10D4-42F5-84DF-CBAAC03C0769}.Release|x64.ActiveCfg = Release|Any CPU
		{E39189F1-10D4-42F5-84DF-CBAAC03C0769}.Release|x64.Build.0 = Release|Any CPU
		{E39189F1-10D4-42F5-84DF-CBAAC03C0769}.Release|x86.ActiveCfg = Release|Any CPU
		{E39189F1-10D4-42F5-84DF-CBAAC03C0769}.Release|x86.Build.0 = Release|Any CPU
		{BA752ED2-4939-45B5-BEBC-E2C91B292015}.Debug|Any CPU.ActiveCfg = Debug|Any CPU
		{BA752ED2-4939-45B5-BEBC-E2C91B292015}.Debug|Any CPU.Build.0 = Debug|Any CPU
		{BA752ED2-4939-45B5-BEBC-E2C91B292015}.Debug|x64.ActiveCfg = Debug|Any CPU
		{BA752ED2-4939-45B5-BEBC-E2C91B292015}.Debug|x64.Build.0 = Debug|Any CPU
		{BA752ED2-4939-45B5-BEBC-E2C91B292015}.Debug|x86.ActiveCfg = Debug|Any CPU
		{BA752ED2-4939-45B5-BEBC-E2C91B292015}.Debug|x86.Build.0 = Debug|Any CPU
		{BA752ED2-4939-45B5-BEBC-E2C91B292015}.Release|Any CPU.ActiveCfg = Release|Any CPU
		{BA752ED2-4939-45B5-BEBC-E2C91B292015}.Release|Any CPU.Build.0 = Release|Any CPU
		{BA752ED2-4939-45B5-BEBC-E2C91B292015}.Release|x64.ActiveCfg = Release|Any CPU
		{BA752ED2-4939-45B5-BEBC-E2C91B292015}.Release|x64.Build.0 = Release|Any CPU
		{BA752ED2-4939-45B5-BEBC-E2C91B292015}.Release|x86.ActiveCfg = Release|Any CPU
		{BA752ED2-4939-45B5-BEBC-E2C91B292015}.Release|x86.Build.0 = Release|Any CPU
		{9D7208C2-5BB7-4874-B2F0-B31BADAE8D11}.Debug|Any CPU.ActiveCfg = Debug|Any CPU
		{9D7208C2-5BB7-4874-B2F0-B31BADAE8D11}.Debug|Any CPU.Build.0 = Debug|Any CPU
		{9D7208C2-5BB7-4874-B2F0-B31BADAE8D11}.Debug|x64.ActiveCfg = Debug|Any CPU
		{9D7208C2-5BB7-4874-B2F0-B31BADAE8D11}.Debug|x64.Build.0 = Debug|Any CPU
		{9D7208C2-5BB7-4874-B2F0-B31BADAE8D11}.Debug|x86.ActiveCfg = Debug|Any CPU
		{9D7208C2-5BB7-4874-B2F0-B31BADAE8D11}.Debug|x86.Build.0 = Debug|Any CPU
		{9D7208C2-5BB7-4874-B2F0-B31BADAE8D11}.Release|Any CPU.ActiveCfg = Release|Any CPU
		{9D7208C2-5BB7-4874-B2F0-B31BADAE8D11}.Release|Any CPU.Build.0 = Release|Any CPU
		{9D7208C2-5BB7-4874-B2F0-B31BADAE8D11}.Release|x64.ActiveCfg = Release|Any CPU
		{9D7208C2-5BB7-4874-B2F0-B31BADAE8D11}.Release|x64.Build.0 = Release|Any CPU
		{9D7208C2-5BB7-4874-B2F0-B31BADAE8D11}.Release|x86.ActiveCfg = Release|Any CPU
		{9D7208C2-5BB7-4874-B2F0-B31BADAE8D11}.Release|x86.Build.0 = Release|Any CPU
		{709B02B5-863E-4AAB-8389-6999569CB0A6}.Debug|Any CPU.ActiveCfg = Debug|Any CPU
		{709B02B5-863E-4AAB-8389-6999569CB0A6}.Debug|Any CPU.Build.0 = Debug|Any CPU
		{709B02B5-863E-4AAB-8389-6999569CB0A6}.Debug|x64.ActiveCfg = Debug|Any CPU
		{709B02B5-863E-4AAB-8389-6999569CB0A6}.Debug|x64.Build.0 = Debug|Any CPU
		{709B02B5-863E-4AAB-8389-6999569CB0A6}.Debug|x86.ActiveCfg = Debug|Any CPU
		{709B02B5-863E-4AAB-8389-6999569CB0A6}.Debug|x86.Build.0 = Debug|Any CPU
		{709B02B5-863E-4AAB-8389-6999569CB0A6}.Release|Any CPU.ActiveCfg = Release|Any CPU
		{709B02B5-863E-4AAB-8389-6999569CB0A6}.Release|Any CPU.Build.0 = Release|Any CPU
		{709B02B5-863E-4AAB-8389-6999569CB0A6}.Release|x64.ActiveCfg = Release|Any CPU
		{709B02B5-863E-4AAB-8389-6999569CB0A6}.Release|x64.Build.0 = Release|Any CPU
		{709B02B5-863E-4AAB-8389-6999569CB0A6}.Release|x86.ActiveCfg = Release|Any CPU
		{709B02B5-863E-4AAB-8389-6999569CB0A6}.Release|x86.Build.0 = Release|Any CPU
		{3DD37088-A84A-43DC-A17D-B30863EF44F5}.Debug|Any CPU.ActiveCfg = Debug|Any CPU
		{3DD37088-A84A-43DC-A17D-B30863EF44F5}.Debug|Any CPU.Build.0 = Debug|Any CPU
		{3DD37088-A84A-43DC-A17D-B30863EF44F5}.Debug|x64.ActiveCfg = Debug|Any CPU
		{3DD37088-A84A-43DC-A17D-B30863EF44F5}.Debug|x64.Build.0 = Debug|Any CPU
		{3DD37088-A84A-43DC-A17D-B30863EF44F5}.Debug|x86.ActiveCfg = Debug|Any CPU
		{3DD37088-A84A-43DC-A17D-B30863EF44F5}.Debug|x86.Build.0 = Debug|Any CPU
		{3DD37088-A84A-43DC-A17D-B30863EF44F5}.Release|Any CPU.ActiveCfg = Release|Any CPU
		{3DD37088-A84A-43DC-A17D-B30863EF44F5}.Release|Any CPU.Build.0 = Release|Any CPU
		{3DD37088-A84A-43DC-A17D-B30863EF44F5}.Release|x64.ActiveCfg = Release|Any CPU
		{3DD37088-A84A-43DC-A17D-B30863EF44F5}.Release|x64.Build.0 = Release|Any CPU
		{3DD37088-A84A-43DC-A17D-B30863EF44F5}.Release|x86.ActiveCfg = Release|Any CPU
		{3DD37088-A84A-43DC-A17D-B30863EF44F5}.Release|x86.Build.0 = Release|Any CPU
		{72E1182A-3945-432B-A7B0-07CCBB2A8089}.Debug|Any CPU.ActiveCfg = Debug|Any CPU
		{72E1182A-3945-432B-A7B0-07CCBB2A8089}.Debug|Any CPU.Build.0 = Debug|Any CPU
		{72E1182A-3945-432B-A7B0-07CCBB2A8089}.Debug|x64.ActiveCfg = Debug|Any CPU
		{72E1182A-3945-432B-A7B0-07CCBB2A8089}.Debug|x64.Build.0 = Debug|Any CPU
		{72E1182A-3945-432B-A7B0-07CCBB2A8089}.Debug|x86.ActiveCfg = Debug|Any CPU
		{72E1182A-3945-432B-A7B0-07CCBB2A8089}.Debug|x86.Build.0 = Debug|Any CPU
		{72E1182A-3945-432B-A7B0-07CCBB2A8089}.Release|Any CPU.ActiveCfg = Release|Any CPU
		{72E1182A-3945-432B-A7B0-07CCBB2A8089}.Release|Any CPU.Build.0 = Release|Any CPU
		{72E1182A-3945-432B-A7B0-07CCBB2A8089}.Release|x64.ActiveCfg = Release|Any CPU
		{72E1182A-3945-432B-A7B0-07CCBB2A8089}.Release|x64.Build.0 = Release|Any CPU
		{72E1182A-3945-432B-A7B0-07CCBB2A8089}.Release|x86.ActiveCfg = Release|Any CPU
		{72E1182A-3945-432B-A7B0-07CCBB2A8089}.Release|x86.Build.0 = Release|Any CPU
		{01A6DB4E-4A8D-4C4C-9DC9-DDF698F02FEB}.Debug|Any CPU.ActiveCfg = Debug|Any CPU
		{01A6DB4E-4A8D-4C4C-9DC9-DDF698F02FEB}.Debug|Any CPU.Build.0 = Debug|Any CPU
		{01A6DB4E-4A8D-4C4C-9DC9-DDF698F02FEB}.Debug|x64.ActiveCfg = Debug|Any CPU
		{01A6DB4E-4A8D-4C4C-9DC9-DDF698F02FEB}.Debug|x64.Build.0 = Debug|Any CPU
		{01A6DB4E-4A8D-4C4C-9DC9-DDF698F02FEB}.Debug|x86.ActiveCfg = Debug|Any CPU
		{01A6DB4E-4A8D-4C4C-9DC9-DDF698F02FEB}.Debug|x86.Build.0 = Debug|Any CPU
		{01A6DB4E-4A8D-4C4C-9DC9-DDF698F02FEB}.Release|Any CPU.ActiveCfg = Release|Any CPU
		{01A6DB4E-4A8D-4C4C-9DC9-DDF698F02FEB}.Release|Any CPU.Build.0 = Release|Any CPU
		{01A6DB4E-4A8D-4C4C-9DC9-DDF698F02FEB}.Release|x64.ActiveCfg = Release|Any CPU
		{01A6DB4E-4A8D-4C4C-9DC9-DDF698F02FEB}.Release|x64.Build.0 = Release|Any CPU
		{01A6DB4E-4A8D-4C4C-9DC9-DDF698F02FEB}.Release|x86.ActiveCfg = Release|Any CPU
		{01A6DB4E-4A8D-4C4C-9DC9-DDF698F02FEB}.Release|x86.Build.0 = Release|Any CPU
		{A03C1E67-7D84-438F-88C0-50EE45E98549}.Debug|Any CPU.ActiveCfg = Debug|Any CPU
		{A03C1E67-7D84-438F-88C0-50EE45E98549}.Debug|Any CPU.Build.0 = Debug|Any CPU
		{A03C1E67-7D84-438F-88C0-50EE45E98549}.Debug|x64.ActiveCfg = Debug|Any CPU
		{A03C1E67-7D84-438F-88C0-50EE45E98549}.Debug|x64.Build.0 = Debug|Any CPU
		{A03C1E67-7D84-438F-88C0-50EE45E98549}.Debug|x86.ActiveCfg = Debug|Any CPU
		{A03C1E67-7D84-438F-88C0-50EE45E98549}.Debug|x86.Build.0 = Debug|Any CPU
		{A03C1E67-7D84-438F-88C0-50EE45E98549}.Release|Any CPU.ActiveCfg = Release|Any CPU
		{A03C1E67-7D84-438F-88C0-50EE45E98549}.Release|Any CPU.Build.0 = Release|Any CPU
		{A03C1E67-7D84-438F-88C0-50EE45E98549}.Release|x64.ActiveCfg = Release|Any CPU
		{A03C1E67-7D84-438F-88C0-50EE45E98549}.Release|x64.Build.0 = Release|Any CPU
		{A03C1E67-7D84-438F-88C0-50EE45E98549}.Release|x86.ActiveCfg = Release|Any CPU
		{A03C1E67-7D84-438F-88C0-50EE45E98549}.Release|x86.Build.0 = Release|Any CPU
		{468C74F9-83F0-4BF2-8481-BCB41E676552}.Debug|Any CPU.ActiveCfg = Debug|Any CPU
		{468C74F9-83F0-4BF2-8481-BCB41E676552}.Debug|Any CPU.Build.0 = Debug|Any CPU
		{468C74F9-83F0-4BF2-8481-BCB41E676552}.Debug|x64.ActiveCfg = Debug|Any CPU
		{468C74F9-83F0-4BF2-8481-BCB41E676552}.Debug|x64.Build.0 = Debug|Any CPU
		{468C74F9-83F0-4BF2-8481-BCB41E676552}.Debug|x86.ActiveCfg = Debug|Any CPU
		{468C74F9-83F0-4BF2-8481-BCB41E676552}.Debug|x86.Build.0 = Debug|Any CPU
		{468C74F9-83F0-4BF2-8481-BCB41E676552}.Release|Any CPU.ActiveCfg = Release|Any CPU
		{468C74F9-83F0-4BF2-8481-BCB41E676552}.Release|Any CPU.Build.0 = Release|Any CPU
		{468C74F9-83F0-4BF2-8481-BCB41E676552}.Release|x64.ActiveCfg = Release|Any CPU
		{468C74F9-83F0-4BF2-8481-BCB41E676552}.Release|x64.Build.0 = Release|Any CPU
		{468C74F9-83F0-4BF2-8481-BCB41E676552}.Release|x86.ActiveCfg = Release|Any CPU
		{468C74F9-83F0-4BF2-8481-BCB41E676552}.Release|x86.Build.0 = Release|Any CPU
		{03F76E1A-9BAB-4FEE-825B-E100F076210C}.Debug|Any CPU.ActiveCfg = Debug|Any CPU
		{03F76E1A-9BAB-4FEE-825B-E100F076210C}.Debug|Any CPU.Build.0 = Debug|Any CPU
		{03F76E1A-9BAB-4FEE-825B-E100F076210C}.Debug|x64.ActiveCfg = Debug|Any CPU
		{03F76E1A-9BAB-4FEE-825B-E100F076210C}.Debug|x64.Build.0 = Debug|Any CPU
		{03F76E1A-9BAB-4FEE-825B-E100F076210C}.Debug|x86.ActiveCfg = Debug|Any CPU
		{03F76E1A-9BAB-4FEE-825B-E100F076210C}.Debug|x86.Build.0 = Debug|Any CPU
		{03F76E1A-9BAB-4FEE-825B-E100F076210C}.Release|Any CPU.ActiveCfg = Release|Any CPU
		{03F76E1A-9BAB-4FEE-825B-E100F076210C}.Release|Any CPU.Build.0 = Release|Any CPU
		{03F76E1A-9BAB-4FEE-825B-E100F076210C}.Release|x64.ActiveCfg = Release|Any CPU
		{03F76E1A-9BAB-4FEE-825B-E100F076210C}.Release|x64.Build.0 = Release|Any CPU
		{03F76E1A-9BAB-4FEE-825B-E100F076210C}.Release|x86.ActiveCfg = Release|Any CPU
		{03F76E1A-9BAB-4FEE-825B-E100F076210C}.Release|x86.Build.0 = Release|Any CPU
		{F2A11A44-00BC-424F-A807-9E98987BEC8C}.Debug|Any CPU.ActiveCfg = Debug|Any CPU
		{F2A11A44-00BC-424F-A807-9E98987BEC8C}.Debug|Any CPU.Build.0 = Debug|Any CPU
		{F2A11A44-00BC-424F-A807-9E98987BEC8C}.Debug|x64.ActiveCfg = Debug|Any CPU
		{F2A11A44-00BC-424F-A807-9E98987BEC8C}.Debug|x64.Build.0 = Debug|Any CPU
		{F2A11A44-00BC-424F-A807-9E98987BEC8C}.Debug|x86.ActiveCfg = Debug|Any CPU
		{F2A11A44-00BC-424F-A807-9E98987BEC8C}.Debug|x86.Build.0 = Debug|Any CPU
		{F2A11A44-00BC-424F-A807-9E98987BEC8C}.Release|Any CPU.ActiveCfg = Release|Any CPU
		{F2A11A44-00BC-424F-A807-9E98987BEC8C}.Release|Any CPU.Build.0 = Release|Any CPU
		{F2A11A44-00BC-424F-A807-9E98987BEC8C}.Release|x64.ActiveCfg = Release|Any CPU
		{F2A11A44-00BC-424F-A807-9E98987BEC8C}.Release|x64.Build.0 = Release|Any CPU
		{F2A11A44-00BC-424F-A807-9E98987BEC8C}.Release|x86.ActiveCfg = Release|Any CPU
		{F2A11A44-00BC-424F-A807-9E98987BEC8C}.Release|x86.Build.0 = Release|Any CPU
		{6C435175-5596-4E49-86D9-ACC47267557C}.Debug|Any CPU.ActiveCfg = Debug|Any CPU
		{6C435175-5596-4E49-86D9-ACC47267557C}.Debug|Any CPU.Build.0 = Debug|Any CPU
		{6C435175-5596-4E49-86D9-ACC47267557C}.Debug|x64.ActiveCfg = Debug|Any CPU
		{6C435175-5596-4E49-86D9-ACC47267557C}.Debug|x64.Build.0 = Debug|Any CPU
		{6C435175-5596-4E49-86D9-ACC47267557C}.Debug|x86.ActiveCfg = Debug|Any CPU
		{6C435175-5596-4E49-86D9-ACC47267557C}.Debug|x86.Build.0 = Debug|Any CPU
		{6C435175-5596-4E49-86D9-ACC47267557C}.Release|Any CPU.ActiveCfg = Release|Any CPU
		{6C435175-5596-4E49-86D9-ACC47267557C}.Release|Any CPU.Build.0 = Release|Any CPU
		{6C435175-5596-4E49-86D9-ACC47267557C}.Release|x64.ActiveCfg = Release|Any CPU
		{6C435175-5596-4E49-86D9-ACC47267557C}.Release|x64.Build.0 = Release|Any CPU
		{6C435175-5596-4E49-86D9-ACC47267557C}.Release|x86.ActiveCfg = Release|Any CPU
		{6C435175-5596-4E49-86D9-ACC47267557C}.Release|x86.Build.0 = Release|Any CPU
		{9A16CD78-C487-467C-87EC-2C81B152FD3E}.Debug|Any CPU.ActiveCfg = Debug|Any CPU
		{9A16CD78-C487-467C-87EC-2C81B152FD3E}.Debug|Any CPU.Build.0 = Debug|Any CPU
		{9A16CD78-C487-467C-87EC-2C81B152FD3E}.Debug|x64.ActiveCfg = Debug|Any CPU
		{9A16CD78-C487-467C-87EC-2C81B152FD3E}.Debug|x64.Build.0 = Debug|Any CPU
		{9A16CD78-C487-467C-87EC-2C81B152FD3E}.Debug|x86.ActiveCfg = Debug|Any CPU
		{9A16CD78-C487-467C-87EC-2C81B152FD3E}.Debug|x86.Build.0 = Debug|Any CPU
		{9A16CD78-C487-467C-87EC-2C81B152FD3E}.Release|Any CPU.ActiveCfg = Release|Any CPU
		{9A16CD78-C487-467C-87EC-2C81B152FD3E}.Release|Any CPU.Build.0 = Release|Any CPU
		{9A16CD78-C487-467C-87EC-2C81B152FD3E}.Release|x64.ActiveCfg = Release|Any CPU
		{9A16CD78-C487-467C-87EC-2C81B152FD3E}.Release|x64.Build.0 = Release|Any CPU
		{9A16CD78-C487-467C-87EC-2C81B152FD3E}.Release|x86.ActiveCfg = Release|Any CPU
		{9A16CD78-C487-467C-87EC-2C81B152FD3E}.Release|x86.Build.0 = Release|Any CPU
		{58D990DC-1C30-41B8-B9F1-54E553E8ABDA}.Debug|Any CPU.ActiveCfg = Debug|Any CPU
		{58D990DC-1C30-41B8-B9F1-54E553E8ABDA}.Debug|Any CPU.Build.0 = Debug|Any CPU
		{58D990DC-1C30-41B8-B9F1-54E553E8ABDA}.Debug|x64.ActiveCfg = Debug|Any CPU
		{58D990DC-1C30-41B8-B9F1-54E553E8ABDA}.Debug|x64.Build.0 = Debug|Any CPU
		{58D990DC-1C30-41B8-B9F1-54E553E8ABDA}.Debug|x86.ActiveCfg = Debug|Any CPU
		{58D990DC-1C30-41B8-B9F1-54E553E8ABDA}.Debug|x86.Build.0 = Debug|Any CPU
		{58D990DC-1C30-41B8-B9F1-54E553E8ABDA}.Release|Any CPU.ActiveCfg = Release|Any CPU
		{58D990DC-1C30-41B8-B9F1-54E553E8ABDA}.Release|Any CPU.Build.0 = Release|Any CPU
		{58D990DC-1C30-41B8-B9F1-54E553E8ABDA}.Release|x64.ActiveCfg = Release|Any CPU
		{58D990DC-1C30-41B8-B9F1-54E553E8ABDA}.Release|x64.Build.0 = Release|Any CPU
		{58D990DC-1C30-41B8-B9F1-54E553E8ABDA}.Release|x86.ActiveCfg = Release|Any CPU
		{58D990DC-1C30-41B8-B9F1-54E553E8ABDA}.Release|x86.Build.0 = Release|Any CPU
		{7CD9EF02-8DC0-42B4-A5C0-803EF0454C77}.Debug|Any CPU.ActiveCfg = Debug|Any CPU
		{7CD9EF02-8DC0-42B4-A5C0-803EF0454C77}.Debug|Any CPU.Build.0 = Debug|Any CPU
		{7CD9EF02-8DC0-42B4-A5C0-803EF0454C77}.Debug|x64.ActiveCfg = Debug|Any CPU
		{7CD9EF02-8DC0-42B4-A5C0-803EF0454C77}.Debug|x64.Build.0 = Debug|Any CPU
		{7CD9EF02-8DC0-42B4-A5C0-803EF0454C77}.Debug|x86.ActiveCfg = Debug|Any CPU
		{7CD9EF02-8DC0-42B4-A5C0-803EF0454C77}.Debug|x86.Build.0 = Debug|Any CPU
		{7CD9EF02-8DC0-42B4-A5C0-803EF0454C77}.Release|Any CPU.ActiveCfg = Release|Any CPU
		{7CD9EF02-8DC0-42B4-A5C0-803EF0454C77}.Release|Any CPU.Build.0 = Release|Any CPU
		{7CD9EF02-8DC0-42B4-A5C0-803EF0454C77}.Release|x64.ActiveCfg = Release|Any CPU
		{7CD9EF02-8DC0-42B4-A5C0-803EF0454C77}.Release|x64.Build.0 = Release|Any CPU
		{7CD9EF02-8DC0-42B4-A5C0-803EF0454C77}.Release|x86.ActiveCfg = Release|Any CPU
		{7CD9EF02-8DC0-42B4-A5C0-803EF0454C77}.Release|x86.Build.0 = Release|Any CPU
		{14FFF64E-716D-431D-9454-D888E2D8CC00}.Debug|Any CPU.ActiveCfg = Debug|Any CPU
		{14FFF64E-716D-431D-9454-D888E2D8CC00}.Debug|Any CPU.Build.0 = Debug|Any CPU
		{14FFF64E-716D-431D-9454-D888E2D8CC00}.Debug|x64.ActiveCfg = Debug|Any CPU
		{14FFF64E-716D-431D-9454-D888E2D8CC00}.Debug|x64.Build.0 = Debug|Any CPU
		{14FFF64E-716D-431D-9454-D888E2D8CC00}.Debug|x86.ActiveCfg = Debug|Any CPU
		{14FFF64E-716D-431D-9454-D888E2D8CC00}.Debug|x86.Build.0 = Debug|Any CPU
		{14FFF64E-716D-431D-9454-D888E2D8CC00}.Release|Any CPU.ActiveCfg = Release|Any CPU
		{14FFF64E-716D-431D-9454-D888E2D8CC00}.Release|Any CPU.Build.0 = Release|Any CPU
		{14FFF64E-716D-431D-9454-D888E2D8CC00}.Release|x64.ActiveCfg = Release|Any CPU
		{14FFF64E-716D-431D-9454-D888E2D8CC00}.Release|x64.Build.0 = Release|Any CPU
		{14FFF64E-716D-431D-9454-D888E2D8CC00}.Release|x86.ActiveCfg = Release|Any CPU
		{14FFF64E-716D-431D-9454-D888E2D8CC00}.Release|x86.Build.0 = Release|Any CPU
		{9BE63C9D-40FF-4CC0-8BE1-E4DD9B652A90}.Debug|Any CPU.ActiveCfg = Debug|Any CPU
		{9BE63C9D-40FF-4CC0-8BE1-E4DD9B652A90}.Debug|Any CPU.Build.0 = Debug|Any CPU
		{9BE63C9D-40FF-4CC0-8BE1-E4DD9B652A90}.Debug|x64.ActiveCfg = Debug|Any CPU
		{9BE63C9D-40FF-4CC0-8BE1-E4DD9B652A90}.Debug|x64.Build.0 = Debug|Any CPU
		{9BE63C9D-40FF-4CC0-8BE1-E4DD9B652A90}.Debug|x86.ActiveCfg = Debug|Any CPU
		{9BE63C9D-40FF-4CC0-8BE1-E4DD9B652A90}.Debug|x86.Build.0 = Debug|Any CPU
		{9BE63C9D-40FF-4CC0-8BE1-E4DD9B652A90}.Release|Any CPU.ActiveCfg = Release|Any CPU
		{9BE63C9D-40FF-4CC0-8BE1-E4DD9B652A90}.Release|Any CPU.Build.0 = Release|Any CPU
		{9BE63C9D-40FF-4CC0-8BE1-E4DD9B652A90}.Release|x64.ActiveCfg = Release|Any CPU
		{9BE63C9D-40FF-4CC0-8BE1-E4DD9B652A90}.Release|x64.Build.0 = Release|Any CPU
		{9BE63C9D-40FF-4CC0-8BE1-E4DD9B652A90}.Release|x86.ActiveCfg = Release|Any CPU
		{9BE63C9D-40FF-4CC0-8BE1-E4DD9B652A90}.Release|x86.Build.0 = Release|Any CPU
		{3E5EA46B-64AE-4857-ACB0-9CFE7877C043}.Debug|Any CPU.ActiveCfg = Debug|Any CPU
		{3E5EA46B-64AE-4857-ACB0-9CFE7877C043}.Debug|Any CPU.Build.0 = Debug|Any CPU
		{3E5EA46B-64AE-4857-ACB0-9CFE7877C043}.Debug|x64.ActiveCfg = Debug|Any CPU
		{3E5EA46B-64AE-4857-ACB0-9CFE7877C043}.Debug|x64.Build.0 = Debug|Any CPU
		{3E5EA46B-64AE-4857-ACB0-9CFE7877C043}.Debug|x86.ActiveCfg = Debug|Any CPU
		{3E5EA46B-64AE-4857-ACB0-9CFE7877C043}.Debug|x86.Build.0 = Debug|Any CPU
		{3E5EA46B-64AE-4857-ACB0-9CFE7877C043}.Release|Any CPU.ActiveCfg = Release|Any CPU
		{3E5EA46B-64AE-4857-ACB0-9CFE7877C043}.Release|Any CPU.Build.0 = Release|Any CPU
		{3E5EA46B-64AE-4857-ACB0-9CFE7877C043}.Release|x64.ActiveCfg = Release|Any CPU
		{3E5EA46B-64AE-4857-ACB0-9CFE7877C043}.Release|x64.Build.0 = Release|Any CPU
		{3E5EA46B-64AE-4857-ACB0-9CFE7877C043}.Release|x86.ActiveCfg = Release|Any CPU
		{3E5EA46B-64AE-4857-ACB0-9CFE7877C043}.Release|x86.Build.0 = Release|Any CPU
		{E35216D2-2EF5-46C0-A80A-1FAF060EAB03}.Debug|Any CPU.ActiveCfg = Debug|Any CPU
		{E35216D2-2EF5-46C0-A80A-1FAF060EAB03}.Debug|Any CPU.Build.0 = Debug|Any CPU
		{E35216D2-2EF5-46C0-A80A-1FAF060EAB03}.Debug|x64.ActiveCfg = Debug|Any CPU
		{E35216D2-2EF5-46C0-A80A-1FAF060EAB03}.Debug|x64.Build.0 = Debug|Any CPU
		{E35216D2-2EF5-46C0-A80A-1FAF060EAB03}.Debug|x86.ActiveCfg = Debug|Any CPU
		{E35216D2-2EF5-46C0-A80A-1FAF060EAB03}.Debug|x86.Build.0 = Debug|Any CPU
		{E35216D2-2EF5-46C0-A80A-1FAF060EAB03}.Release|Any CPU.ActiveCfg = Release|Any CPU
		{E35216D2-2EF5-46C0-A80A-1FAF060EAB03}.Release|Any CPU.Build.0 = Release|Any CPU
		{E35216D2-2EF5-46C0-A80A-1FAF060EAB03}.Release|x64.ActiveCfg = Release|Any CPU
		{E35216D2-2EF5-46C0-A80A-1FAF060EAB03}.Release|x64.Build.0 = Release|Any CPU
		{E35216D2-2EF5-46C0-A80A-1FAF060EAB03}.Release|x86.ActiveCfg = Release|Any CPU
		{E35216D2-2EF5-46C0-A80A-1FAF060EAB03}.Release|x86.Build.0 = Release|Any CPU
		{14C70E0C-8241-445B-883B-005D569C7BD1}.Debug|Any CPU.ActiveCfg = Debug|Any CPU
		{14C70E0C-8241-445B-883B-005D569C7BD1}.Debug|Any CPU.Build.0 = Debug|Any CPU
		{14C70E0C-8241-445B-883B-005D569C7BD1}.Debug|x64.ActiveCfg = Debug|Any CPU
		{14C70E0C-8241-445B-883B-005D569C7BD1}.Debug|x64.Build.0 = Debug|Any CPU
		{14C70E0C-8241-445B-883B-005D569C7BD1}.Debug|x86.ActiveCfg = Debug|Any CPU
		{14C70E0C-8241-445B-883B-005D569C7BD1}.Debug|x86.Build.0 = Debug|Any CPU
		{14C70E0C-8241-445B-883B-005D569C7BD1}.Release|Any CPU.ActiveCfg = Release|Any CPU
		{14C70E0C-8241-445B-883B-005D569C7BD1}.Release|Any CPU.Build.0 = Release|Any CPU
		{14C70E0C-8241-445B-883B-005D569C7BD1}.Release|x64.ActiveCfg = Release|Any CPU
		{14C70E0C-8241-445B-883B-005D569C7BD1}.Release|x64.Build.0 = Release|Any CPU
		{14C70E0C-8241-445B-883B-005D569C7BD1}.Release|x86.ActiveCfg = Release|Any CPU
		{14C70E0C-8241-445B-883B-005D569C7BD1}.Release|x86.Build.0 = Release|Any CPU
		{498D1335-E143-4098-A673-E7783BA7C031}.Debug|Any CPU.ActiveCfg = Debug|Any CPU
		{498D1335-E143-4098-A673-E7783BA7C031}.Debug|Any CPU.Build.0 = Debug|Any CPU
		{498D1335-E143-4098-A673-E7783BA7C031}.Debug|x64.ActiveCfg = Debug|Any CPU
		{498D1335-E143-4098-A673-E7783BA7C031}.Debug|x64.Build.0 = Debug|Any CPU
		{498D1335-E143-4098-A673-E7783BA7C031}.Debug|x86.ActiveCfg = Debug|Any CPU
		{498D1335-E143-4098-A673-E7783BA7C031}.Debug|x86.Build.0 = Debug|Any CPU
		{498D1335-E143-4098-A673-E7783BA7C031}.Release|Any CPU.ActiveCfg = Release|Any CPU
		{498D1335-E143-4098-A673-E7783BA7C031}.Release|Any CPU.Build.0 = Release|Any CPU
		{498D1335-E143-4098-A673-E7783BA7C031}.Release|x64.ActiveCfg = Release|Any CPU
		{498D1335-E143-4098-A673-E7783BA7C031}.Release|x64.Build.0 = Release|Any CPU
		{498D1335-E143-4098-A673-E7783BA7C031}.Release|x86.ActiveCfg = Release|Any CPU
		{498D1335-E143-4098-A673-E7783BA7C031}.Release|x86.Build.0 = Release|Any CPU
		{E295E139-52E0-4839-A0C7-D83B382BABE0}.Debug|Any CPU.ActiveCfg = Debug|Any CPU
		{E295E139-52E0-4839-A0C7-D83B382BABE0}.Debug|Any CPU.Build.0 = Debug|Any CPU
		{E295E139-52E0-4839-A0C7-D83B382BABE0}.Debug|x64.ActiveCfg = Debug|Any CPU
		{E295E139-52E0-4839-A0C7-D83B382BABE0}.Debug|x64.Build.0 = Debug|Any CPU
		{E295E139-52E0-4839-A0C7-D83B382BABE0}.Debug|x86.ActiveCfg = Debug|Any CPU
		{E295E139-52E0-4839-A0C7-D83B382BABE0}.Debug|x86.Build.0 = Debug|Any CPU
		{E295E139-52E0-4839-A0C7-D83B382BABE0}.Release|Any CPU.ActiveCfg = Release|Any CPU
		{E295E139-52E0-4839-A0C7-D83B382BABE0}.Release|Any CPU.Build.0 = Release|Any CPU
		{E295E139-52E0-4839-A0C7-D83B382BABE0}.Release|x64.ActiveCfg = Release|Any CPU
		{E295E139-52E0-4839-A0C7-D83B382BABE0}.Release|x64.Build.0 = Release|Any CPU
		{E295E139-52E0-4839-A0C7-D83B382BABE0}.Release|x86.ActiveCfg = Release|Any CPU
		{E295E139-52E0-4839-A0C7-D83B382BABE0}.Release|x86.Build.0 = Release|Any CPU
		{FA3B9FC4-6AD7-43FC-80AE-493B2752083E}.Debug|Any CPU.ActiveCfg = Debug|Any CPU
		{FA3B9FC4-6AD7-43FC-80AE-493B2752083E}.Debug|Any CPU.Build.0 = Debug|Any CPU
		{FA3B9FC4-6AD7-43FC-80AE-493B2752083E}.Debug|x64.ActiveCfg = Debug|Any CPU
		{FA3B9FC4-6AD7-43FC-80AE-493B2752083E}.Debug|x64.Build.0 = Debug|Any CPU
		{FA3B9FC4-6AD7-43FC-80AE-493B2752083E}.Debug|x86.ActiveCfg = Debug|Any CPU
		{FA3B9FC4-6AD7-43FC-80AE-493B2752083E}.Debug|x86.Build.0 = Debug|Any CPU
		{FA3B9FC4-6AD7-43FC-80AE-493B2752083E}.Release|Any CPU.ActiveCfg = Release|Any CPU
		{FA3B9FC4-6AD7-43FC-80AE-493B2752083E}.Release|Any CPU.Build.0 = Release|Any CPU
		{FA3B9FC4-6AD7-43FC-80AE-493B2752083E}.Release|x64.ActiveCfg = Release|Any CPU
		{FA3B9FC4-6AD7-43FC-80AE-493B2752083E}.Release|x64.Build.0 = Release|Any CPU
		{FA3B9FC4-6AD7-43FC-80AE-493B2752083E}.Release|x86.ActiveCfg = Release|Any CPU
		{FA3B9FC4-6AD7-43FC-80AE-493B2752083E}.Release|x86.Build.0 = Release|Any CPU
		{1C2F5851-E831-496A-87B5-9FDD587E6619}.Debug|Any CPU.ActiveCfg = Debug|Any CPU
		{1C2F5851-E831-496A-87B5-9FDD587E6619}.Debug|Any CPU.Build.0 = Debug|Any CPU
		{1C2F5851-E831-496A-87B5-9FDD587E6619}.Debug|x64.ActiveCfg = Debug|Any CPU
		{1C2F5851-E831-496A-87B5-9FDD587E6619}.Debug|x64.Build.0 = Debug|Any CPU
		{1C2F5851-E831-496A-87B5-9FDD587E6619}.Debug|x86.ActiveCfg = Debug|Any CPU
		{1C2F5851-E831-496A-87B5-9FDD587E6619}.Debug|x86.Build.0 = Debug|Any CPU
		{1C2F5851-E831-496A-87B5-9FDD587E6619}.Release|Any CPU.ActiveCfg = Release|Any CPU
		{1C2F5851-E831-496A-87B5-9FDD587E6619}.Release|Any CPU.Build.0 = Release|Any CPU
		{1C2F5851-E831-496A-87B5-9FDD587E6619}.Release|x64.ActiveCfg = Release|Any CPU
		{1C2F5851-E831-496A-87B5-9FDD587E6619}.Release|x64.Build.0 = Release|Any CPU
		{1C2F5851-E831-496A-87B5-9FDD587E6619}.Release|x86.ActiveCfg = Release|Any CPU
		{1C2F5851-E831-496A-87B5-9FDD587E6619}.Release|x86.Build.0 = Release|Any CPU
		{3BE352FA-08AD-45CC-AEA2-6A6D30A6845B}.Debug|Any CPU.ActiveCfg = Debug|Any CPU
		{3BE352FA-08AD-45CC-AEA2-6A6D30A6845B}.Debug|Any CPU.Build.0 = Debug|Any CPU
		{3BE352FA-08AD-45CC-AEA2-6A6D30A6845B}.Debug|x64.ActiveCfg = Debug|Any CPU
		{3BE352FA-08AD-45CC-AEA2-6A6D30A6845B}.Debug|x64.Build.0 = Debug|Any CPU
		{3BE352FA-08AD-45CC-AEA2-6A6D30A6845B}.Debug|x86.ActiveCfg = Debug|Any CPU
		{3BE352FA-08AD-45CC-AEA2-6A6D30A6845B}.Debug|x86.Build.0 = Debug|Any CPU
		{3BE352FA-08AD-45CC-AEA2-6A6D30A6845B}.Release|Any CPU.ActiveCfg = Release|Any CPU
		{3BE352FA-08AD-45CC-AEA2-6A6D30A6845B}.Release|Any CPU.Build.0 = Release|Any CPU
		{3BE352FA-08AD-45CC-AEA2-6A6D30A6845B}.Release|x64.ActiveCfg = Release|Any CPU
		{3BE352FA-08AD-45CC-AEA2-6A6D30A6845B}.Release|x64.Build.0 = Release|Any CPU
		{3BE352FA-08AD-45CC-AEA2-6A6D30A6845B}.Release|x86.ActiveCfg = Release|Any CPU
		{3BE352FA-08AD-45CC-AEA2-6A6D30A6845B}.Release|x86.Build.0 = Release|Any CPU
		{A536788B-712B-4DBB-9C37-B70CD64FD116}.Debug|Any CPU.ActiveCfg = Debug|Any CPU
		{A536788B-712B-4DBB-9C37-B70CD64FD116}.Debug|Any CPU.Build.0 = Debug|Any CPU
		{A536788B-712B-4DBB-9C37-B70CD64FD116}.Debug|x64.ActiveCfg = Debug|Any CPU
		{A536788B-712B-4DBB-9C37-B70CD64FD116}.Debug|x64.Build.0 = Debug|Any CPU
		{A536788B-712B-4DBB-9C37-B70CD64FD116}.Debug|x86.ActiveCfg = Debug|Any CPU
		{A536788B-712B-4DBB-9C37-B70CD64FD116}.Debug|x86.Build.0 = Debug|Any CPU
		{A536788B-712B-4DBB-9C37-B70CD64FD116}.Release|Any CPU.ActiveCfg = Release|Any CPU
		{A536788B-712B-4DBB-9C37-B70CD64FD116}.Release|Any CPU.Build.0 = Release|Any CPU
		{A536788B-712B-4DBB-9C37-B70CD64FD116}.Release|x64.ActiveCfg = Release|Any CPU
		{A536788B-712B-4DBB-9C37-B70CD64FD116}.Release|x64.Build.0 = Release|Any CPU
		{A536788B-712B-4DBB-9C37-B70CD64FD116}.Release|x86.ActiveCfg = Release|Any CPU
		{A536788B-712B-4DBB-9C37-B70CD64FD116}.Release|x86.Build.0 = Release|Any CPU
		{57E20D64-5E4A-4816-8C1E-EA55DE710361}.Debug|Any CPU.ActiveCfg = Debug|Any CPU
		{57E20D64-5E4A-4816-8C1E-EA55DE710361}.Debug|Any CPU.Build.0 = Debug|Any CPU
		{57E20D64-5E4A-4816-8C1E-EA55DE710361}.Debug|x64.ActiveCfg = Debug|Any CPU
		{57E20D64-5E4A-4816-8C1E-EA55DE710361}.Debug|x64.Build.0 = Debug|Any CPU
		{57E20D64-5E4A-4816-8C1E-EA55DE710361}.Debug|x86.ActiveCfg = Debug|Any CPU
		{57E20D64-5E4A-4816-8C1E-EA55DE710361}.Debug|x86.Build.0 = Debug|Any CPU
		{57E20D64-5E4A-4816-8C1E-EA55DE710361}.Release|Any CPU.ActiveCfg = Release|Any CPU
		{57E20D64-5E4A-4816-8C1E-EA55DE710361}.Release|Any CPU.Build.0 = Release|Any CPU
		{57E20D64-5E4A-4816-8C1E-EA55DE710361}.Release|x64.ActiveCfg = Release|Any CPU
		{57E20D64-5E4A-4816-8C1E-EA55DE710361}.Release|x64.Build.0 = Release|Any CPU
		{57E20D64-5E4A-4816-8C1E-EA55DE710361}.Release|x86.ActiveCfg = Release|Any CPU
		{57E20D64-5E4A-4816-8C1E-EA55DE710361}.Release|x86.Build.0 = Release|Any CPU
		{266F19ED-068A-40FD-960E-ED0190719C47}.Debug|Any CPU.ActiveCfg = Debug|Any CPU
		{266F19ED-068A-40FD-960E-ED0190719C47}.Debug|Any CPU.Build.0 = Debug|Any CPU
		{266F19ED-068A-40FD-960E-ED0190719C47}.Debug|x64.ActiveCfg = Debug|Any CPU
		{266F19ED-068A-40FD-960E-ED0190719C47}.Debug|x64.Build.0 = Debug|Any CPU
		{266F19ED-068A-40FD-960E-ED0190719C47}.Debug|x86.ActiveCfg = Debug|Any CPU
		{266F19ED-068A-40FD-960E-ED0190719C47}.Debug|x86.Build.0 = Debug|Any CPU
		{266F19ED-068A-40FD-960E-ED0190719C47}.Release|Any CPU.ActiveCfg = Release|Any CPU
		{266F19ED-068A-40FD-960E-ED0190719C47}.Release|Any CPU.Build.0 = Release|Any CPU
		{266F19ED-068A-40FD-960E-ED0190719C47}.Release|x64.ActiveCfg = Release|Any CPU
		{266F19ED-068A-40FD-960E-ED0190719C47}.Release|x64.Build.0 = Release|Any CPU
		{266F19ED-068A-40FD-960E-ED0190719C47}.Release|x86.ActiveCfg = Release|Any CPU
		{266F19ED-068A-40FD-960E-ED0190719C47}.Release|x86.Build.0 = Release|Any CPU
		{47D256EA-72BA-4E9A-9F1E-F99C269BDC90}.Debug|Any CPU.ActiveCfg = Debug|Any CPU
		{47D256EA-72BA-4E9A-9F1E-F99C269BDC90}.Debug|Any CPU.Build.0 = Debug|Any CPU
		{47D256EA-72BA-4E9A-9F1E-F99C269BDC90}.Debug|x64.ActiveCfg = Debug|Any CPU
		{47D256EA-72BA-4E9A-9F1E-F99C269BDC90}.Debug|x64.Build.0 = Debug|Any CPU
		{47D256EA-72BA-4E9A-9F1E-F99C269BDC90}.Debug|x86.ActiveCfg = Debug|Any CPU
		{47D256EA-72BA-4E9A-9F1E-F99C269BDC90}.Debug|x86.Build.0 = Debug|Any CPU
		{47D256EA-72BA-4E9A-9F1E-F99C269BDC90}.Release|Any CPU.ActiveCfg = Release|Any CPU
		{47D256EA-72BA-4E9A-9F1E-F99C269BDC90}.Release|Any CPU.Build.0 = Release|Any CPU
		{47D256EA-72BA-4E9A-9F1E-F99C269BDC90}.Release|x64.ActiveCfg = Release|Any CPU
		{47D256EA-72BA-4E9A-9F1E-F99C269BDC90}.Release|x64.Build.0 = Release|Any CPU
		{47D256EA-72BA-4E9A-9F1E-F99C269BDC90}.Release|x86.ActiveCfg = Release|Any CPU
		{47D256EA-72BA-4E9A-9F1E-F99C269BDC90}.Release|x86.Build.0 = Release|Any CPU
		{ED494D3A-4EA2-4F67-BB0A-E9E2A31881CF}.Debug|Any CPU.ActiveCfg = Debug|Any CPU
		{ED494D3A-4EA2-4F67-BB0A-E9E2A31881CF}.Debug|Any CPU.Build.0 = Debug|Any CPU
		{ED494D3A-4EA2-4F67-BB0A-E9E2A31881CF}.Debug|x64.ActiveCfg = Debug|Any CPU
		{ED494D3A-4EA2-4F67-BB0A-E9E2A31881CF}.Debug|x64.Build.0 = Debug|Any CPU
		{ED494D3A-4EA2-4F67-BB0A-E9E2A31881CF}.Debug|x86.ActiveCfg = Debug|Any CPU
		{ED494D3A-4EA2-4F67-BB0A-E9E2A31881CF}.Debug|x86.Build.0 = Debug|Any CPU
		{ED494D3A-4EA2-4F67-BB0A-E9E2A31881CF}.Release|Any CPU.ActiveCfg = Release|Any CPU
		{ED494D3A-4EA2-4F67-BB0A-E9E2A31881CF}.Release|Any CPU.Build.0 = Release|Any CPU
		{ED494D3A-4EA2-4F67-BB0A-E9E2A31881CF}.Release|x64.ActiveCfg = Release|Any CPU
		{ED494D3A-4EA2-4F67-BB0A-E9E2A31881CF}.Release|x64.Build.0 = Release|Any CPU
		{ED494D3A-4EA2-4F67-BB0A-E9E2A31881CF}.Release|x86.ActiveCfg = Release|Any CPU
		{ED494D3A-4EA2-4F67-BB0A-E9E2A31881CF}.Release|x86.Build.0 = Release|Any CPU
		{6F5B75C2-8C56-49E2-B47A-0FA38EEB5A87}.Debug|Any CPU.ActiveCfg = Debug|Any CPU
		{6F5B75C2-8C56-49E2-B47A-0FA38EEB5A87}.Debug|Any CPU.Build.0 = Debug|Any CPU
		{6F5B75C2-8C56-49E2-B47A-0FA38EEB5A87}.Debug|x64.ActiveCfg = Debug|Any CPU
		{6F5B75C2-8C56-49E2-B47A-0FA38EEB5A87}.Debug|x64.Build.0 = Debug|Any CPU
		{6F5B75C2-8C56-49E2-B47A-0FA38EEB5A87}.Debug|x86.ActiveCfg = Debug|Any CPU
		{6F5B75C2-8C56-49E2-B47A-0FA38EEB5A87}.Debug|x86.Build.0 = Debug|Any CPU
		{6F5B75C2-8C56-49E2-B47A-0FA38EEB5A87}.Release|Any CPU.ActiveCfg = Release|Any CPU
		{6F5B75C2-8C56-49E2-B47A-0FA38EEB5A87}.Release|Any CPU.Build.0 = Release|Any CPU
		{6F5B75C2-8C56-49E2-B47A-0FA38EEB5A87}.Release|x64.ActiveCfg = Release|Any CPU
		{6F5B75C2-8C56-49E2-B47A-0FA38EEB5A87}.Release|x64.Build.0 = Release|Any CPU
		{6F5B75C2-8C56-49E2-B47A-0FA38EEB5A87}.Release|x86.ActiveCfg = Release|Any CPU
		{6F5B75C2-8C56-49E2-B47A-0FA38EEB5A87}.Release|x86.Build.0 = Release|Any CPU
		{620CB2E8-9670-4DEB-9DA4-8C3339622A00}.Debug|Any CPU.ActiveCfg = Debug|Any CPU
		{620CB2E8-9670-4DEB-9DA4-8C3339622A00}.Debug|Any CPU.Build.0 = Debug|Any CPU
		{620CB2E8-9670-4DEB-9DA4-8C3339622A00}.Debug|x64.ActiveCfg = Debug|Any CPU
		{620CB2E8-9670-4DEB-9DA4-8C3339622A00}.Debug|x64.Build.0 = Debug|Any CPU
		{620CB2E8-9670-4DEB-9DA4-8C3339622A00}.Debug|x86.ActiveCfg = Debug|Any CPU
		{620CB2E8-9670-4DEB-9DA4-8C3339622A00}.Debug|x86.Build.0 = Debug|Any CPU
		{620CB2E8-9670-4DEB-9DA4-8C3339622A00}.Release|Any CPU.ActiveCfg = Release|Any CPU
		{620CB2E8-9670-4DEB-9DA4-8C3339622A00}.Release|Any CPU.Build.0 = Release|Any CPU
		{620CB2E8-9670-4DEB-9DA4-8C3339622A00}.Release|x64.ActiveCfg = Release|Any CPU
		{620CB2E8-9670-4DEB-9DA4-8C3339622A00}.Release|x64.Build.0 = Release|Any CPU
		{620CB2E8-9670-4DEB-9DA4-8C3339622A00}.Release|x86.ActiveCfg = Release|Any CPU
		{620CB2E8-9670-4DEB-9DA4-8C3339622A00}.Release|x86.Build.0 = Release|Any CPU
		{A5B1CD72-FCBF-4E34-B7ED-89469C8870BA}.Debug|Any CPU.ActiveCfg = Debug|Any CPU
		{A5B1CD72-FCBF-4E34-B7ED-89469C8870BA}.Debug|Any CPU.Build.0 = Debug|Any CPU
		{A5B1CD72-FCBF-4E34-B7ED-89469C8870BA}.Debug|x64.ActiveCfg = Debug|Any CPU
		{A5B1CD72-FCBF-4E34-B7ED-89469C8870BA}.Debug|x64.Build.0 = Debug|Any CPU
		{A5B1CD72-FCBF-4E34-B7ED-89469C8870BA}.Debug|x86.ActiveCfg = Debug|Any CPU
		{A5B1CD72-FCBF-4E34-B7ED-89469C8870BA}.Debug|x86.Build.0 = Debug|Any CPU
		{A5B1CD72-FCBF-4E34-B7ED-89469C8870BA}.Release|Any CPU.ActiveCfg = Release|Any CPU
		{A5B1CD72-FCBF-4E34-B7ED-89469C8870BA}.Release|Any CPU.Build.0 = Release|Any CPU
		{A5B1CD72-FCBF-4E34-B7ED-89469C8870BA}.Release|x64.ActiveCfg = Release|Any CPU
		{A5B1CD72-FCBF-4E34-B7ED-89469C8870BA}.Release|x64.Build.0 = Release|Any CPU
		{A5B1CD72-FCBF-4E34-B7ED-89469C8870BA}.Release|x86.ActiveCfg = Release|Any CPU
		{A5B1CD72-FCBF-4E34-B7ED-89469C8870BA}.Release|x86.Build.0 = Release|Any CPU
		{645B1A37-859D-4986-AF4C-65C5951FEBC6}.Debug|Any CPU.ActiveCfg = Debug|Any CPU
		{645B1A37-859D-4986-AF4C-65C5951FEBC6}.Debug|Any CPU.Build.0 = Debug|Any CPU
		{645B1A37-859D-4986-AF4C-65C5951FEBC6}.Debug|x64.ActiveCfg = Debug|Any CPU
		{645B1A37-859D-4986-AF4C-65C5951FEBC6}.Debug|x64.Build.0 = Debug|Any CPU
		{645B1A37-859D-4986-AF4C-65C5951FEBC6}.Debug|x86.ActiveCfg = Debug|Any CPU
		{645B1A37-859D-4986-AF4C-65C5951FEBC6}.Debug|x86.Build.0 = Debug|Any CPU
		{645B1A37-859D-4986-AF4C-65C5951FEBC6}.Release|Any CPU.ActiveCfg = Release|Any CPU
		{645B1A37-859D-4986-AF4C-65C5951FEBC6}.Release|Any CPU.Build.0 = Release|Any CPU
		{645B1A37-859D-4986-AF4C-65C5951FEBC6}.Release|x64.ActiveCfg = Release|Any CPU
		{645B1A37-859D-4986-AF4C-65C5951FEBC6}.Release|x64.Build.0 = Release|Any CPU
		{645B1A37-859D-4986-AF4C-65C5951FEBC6}.Release|x86.ActiveCfg = Release|Any CPU
		{645B1A37-859D-4986-AF4C-65C5951FEBC6}.Release|x86.Build.0 = Release|Any CPU
		{7B794DCA-EF6E-4300-90E4-4031A5F05DFA}.Debug|Any CPU.ActiveCfg = Debug|Any CPU
		{7B794DCA-EF6E-4300-90E4-4031A5F05DFA}.Debug|Any CPU.Build.0 = Debug|Any CPU
		{7B794DCA-EF6E-4300-90E4-4031A5F05DFA}.Debug|x64.ActiveCfg = Debug|Any CPU
		{7B794DCA-EF6E-4300-90E4-4031A5F05DFA}.Debug|x64.Build.0 = Debug|Any CPU
		{7B794DCA-EF6E-4300-90E4-4031A5F05DFA}.Debug|x86.ActiveCfg = Debug|Any CPU
		{7B794DCA-EF6E-4300-90E4-4031A5F05DFA}.Debug|x86.Build.0 = Debug|Any CPU
		{7B794DCA-EF6E-4300-90E4-4031A5F05DFA}.Release|Any CPU.ActiveCfg = Release|Any CPU
		{7B794DCA-EF6E-4300-90E4-4031A5F05DFA}.Release|Any CPU.Build.0 = Release|Any CPU
		{7B794DCA-EF6E-4300-90E4-4031A5F05DFA}.Release|x64.ActiveCfg = Release|Any CPU
		{7B794DCA-EF6E-4300-90E4-4031A5F05DFA}.Release|x64.Build.0 = Release|Any CPU
		{7B794DCA-EF6E-4300-90E4-4031A5F05DFA}.Release|x86.ActiveCfg = Release|Any CPU
		{7B794DCA-EF6E-4300-90E4-4031A5F05DFA}.Release|x86.Build.0 = Release|Any CPU
		{62F0FEC9-8C42-422F-86CD-0C8DCEF7453B}.Debug|Any CPU.ActiveCfg = Debug|Any CPU
		{62F0FEC9-8C42-422F-86CD-0C8DCEF7453B}.Debug|Any CPU.Build.0 = Debug|Any CPU
		{62F0FEC9-8C42-422F-86CD-0C8DCEF7453B}.Debug|x64.ActiveCfg = Debug|Any CPU
		{62F0FEC9-8C42-422F-86CD-0C8DCEF7453B}.Debug|x64.Build.0 = Debug|Any CPU
		{62F0FEC9-8C42-422F-86CD-0C8DCEF7453B}.Debug|x86.ActiveCfg = Debug|Any CPU
		{62F0FEC9-8C42-422F-86CD-0C8DCEF7453B}.Debug|x86.Build.0 = Debug|Any CPU
		{62F0FEC9-8C42-422F-86CD-0C8DCEF7453B}.Release|Any CPU.ActiveCfg = Release|Any CPU
		{62F0FEC9-8C42-422F-86CD-0C8DCEF7453B}.Release|Any CPU.Build.0 = Release|Any CPU
		{62F0FEC9-8C42-422F-86CD-0C8DCEF7453B}.Release|x64.ActiveCfg = Release|Any CPU
		{62F0FEC9-8C42-422F-86CD-0C8DCEF7453B}.Release|x64.Build.0 = Release|Any CPU
		{62F0FEC9-8C42-422F-86CD-0C8DCEF7453B}.Release|x86.ActiveCfg = Release|Any CPU
		{62F0FEC9-8C42-422F-86CD-0C8DCEF7453B}.Release|x86.Build.0 = Release|Any CPU
		{DA04D303-BEBC-40D9-9A78-52C2C432F6BA}.Debug|Any CPU.ActiveCfg = Debug|Any CPU
		{DA04D303-BEBC-40D9-9A78-52C2C432F6BA}.Debug|Any CPU.Build.0 = Debug|Any CPU
		{DA04D303-BEBC-40D9-9A78-52C2C432F6BA}.Debug|x64.ActiveCfg = Debug|Any CPU
		{DA04D303-BEBC-40D9-9A78-52C2C432F6BA}.Debug|x64.Build.0 = Debug|Any CPU
		{DA04D303-BEBC-40D9-9A78-52C2C432F6BA}.Debug|x86.ActiveCfg = Debug|Any CPU
		{DA04D303-BEBC-40D9-9A78-52C2C432F6BA}.Debug|x86.Build.0 = Debug|Any CPU
		{DA04D303-BEBC-40D9-9A78-52C2C432F6BA}.Release|Any CPU.ActiveCfg = Release|Any CPU
		{DA04D303-BEBC-40D9-9A78-52C2C432F6BA}.Release|Any CPU.Build.0 = Release|Any CPU
		{DA04D303-BEBC-40D9-9A78-52C2C432F6BA}.Release|x64.ActiveCfg = Release|Any CPU
		{DA04D303-BEBC-40D9-9A78-52C2C432F6BA}.Release|x64.Build.0 = Release|Any CPU
		{DA04D303-BEBC-40D9-9A78-52C2C432F6BA}.Release|x86.ActiveCfg = Release|Any CPU
		{DA04D303-BEBC-40D9-9A78-52C2C432F6BA}.Release|x86.Build.0 = Release|Any CPU
		{148B07AA-8260-4F94-9AB4-F7D852B5F651}.Debug|Any CPU.ActiveCfg = Debug|Any CPU
		{148B07AA-8260-4F94-9AB4-F7D852B5F651}.Debug|Any CPU.Build.0 = Debug|Any CPU
		{148B07AA-8260-4F94-9AB4-F7D852B5F651}.Debug|x64.ActiveCfg = Debug|Any CPU
		{148B07AA-8260-4F94-9AB4-F7D852B5F651}.Debug|x64.Build.0 = Debug|Any CPU
		{148B07AA-8260-4F94-9AB4-F7D852B5F651}.Debug|x86.ActiveCfg = Debug|Any CPU
		{148B07AA-8260-4F94-9AB4-F7D852B5F651}.Debug|x86.Build.0 = Debug|Any CPU
		{148B07AA-8260-4F94-9AB4-F7D852B5F651}.Release|Any CPU.ActiveCfg = Release|Any CPU
		{148B07AA-8260-4F94-9AB4-F7D852B5F651}.Release|Any CPU.Build.0 = Release|Any CPU
		{148B07AA-8260-4F94-9AB4-F7D852B5F651}.Release|x64.ActiveCfg = Release|Any CPU
		{148B07AA-8260-4F94-9AB4-F7D852B5F651}.Release|x64.Build.0 = Release|Any CPU
		{148B07AA-8260-4F94-9AB4-F7D852B5F651}.Release|x86.ActiveCfg = Release|Any CPU
		{148B07AA-8260-4F94-9AB4-F7D852B5F651}.Release|x86.Build.0 = Release|Any CPU
		{0282EEEA-58D8-4F3F-92A8-EB98BB4B4A99}.Debug|Any CPU.ActiveCfg = Debug|Any CPU
		{0282EEEA-58D8-4F3F-92A8-EB98BB4B4A99}.Debug|Any CPU.Build.0 = Debug|Any CPU
		{0282EEEA-58D8-4F3F-92A8-EB98BB4B4A99}.Debug|x64.ActiveCfg = Debug|Any CPU
		{0282EEEA-58D8-4F3F-92A8-EB98BB4B4A99}.Debug|x64.Build.0 = Debug|Any CPU
		{0282EEEA-58D8-4F3F-92A8-EB98BB4B4A99}.Debug|x86.ActiveCfg = Debug|Any CPU
		{0282EEEA-58D8-4F3F-92A8-EB98BB4B4A99}.Debug|x86.Build.0 = Debug|Any CPU
		{0282EEEA-58D8-4F3F-92A8-EB98BB4B4A99}.Release|Any CPU.ActiveCfg = Release|Any CPU
		{0282EEEA-58D8-4F3F-92A8-EB98BB4B4A99}.Release|Any CPU.Build.0 = Release|Any CPU
		{0282EEEA-58D8-4F3F-92A8-EB98BB4B4A99}.Release|x64.ActiveCfg = Release|Any CPU
		{0282EEEA-58D8-4F3F-92A8-EB98BB4B4A99}.Release|x64.Build.0 = Release|Any CPU
		{0282EEEA-58D8-4F3F-92A8-EB98BB4B4A99}.Release|x86.ActiveCfg = Release|Any CPU
		{0282EEEA-58D8-4F3F-92A8-EB98BB4B4A99}.Release|x86.Build.0 = Release|Any CPU
		{5174CB2F-97CA-4F8A-93C0-0F6F6F421012}.Debug|Any CPU.ActiveCfg = Debug|Any CPU
		{5174CB2F-97CA-4F8A-93C0-0F6F6F421012}.Debug|Any CPU.Build.0 = Debug|Any CPU
		{5174CB2F-97CA-4F8A-93C0-0F6F6F421012}.Debug|x64.ActiveCfg = Debug|Any CPU
		{5174CB2F-97CA-4F8A-93C0-0F6F6F421012}.Debug|x64.Build.0 = Debug|Any CPU
		{5174CB2F-97CA-4F8A-93C0-0F6F6F421012}.Debug|x86.ActiveCfg = Debug|Any CPU
		{5174CB2F-97CA-4F8A-93C0-0F6F6F421012}.Debug|x86.Build.0 = Debug|Any CPU
		{5174CB2F-97CA-4F8A-93C0-0F6F6F421012}.Release|Any CPU.ActiveCfg = Release|Any CPU
		{5174CB2F-97CA-4F8A-93C0-0F6F6F421012}.Release|Any CPU.Build.0 = Release|Any CPU
		{5174CB2F-97CA-4F8A-93C0-0F6F6F421012}.Release|x64.ActiveCfg = Release|Any CPU
		{5174CB2F-97CA-4F8A-93C0-0F6F6F421012}.Release|x64.Build.0 = Release|Any CPU
		{5174CB2F-97CA-4F8A-93C0-0F6F6F421012}.Release|x86.ActiveCfg = Release|Any CPU
		{5174CB2F-97CA-4F8A-93C0-0F6F6F421012}.Release|x86.Build.0 = Release|Any CPU
		{26F112C1-203F-46E8-8AFE-6034D7D4AAAA}.Debug|Any CPU.ActiveCfg = Debug|Any CPU
		{26F112C1-203F-46E8-8AFE-6034D7D4AAAA}.Debug|Any CPU.Build.0 = Debug|Any CPU
		{26F112C1-203F-46E8-8AFE-6034D7D4AAAA}.Debug|x64.ActiveCfg = Debug|Any CPU
		{26F112C1-203F-46E8-8AFE-6034D7D4AAAA}.Debug|x64.Build.0 = Debug|Any CPU
		{26F112C1-203F-46E8-8AFE-6034D7D4AAAA}.Debug|x86.ActiveCfg = Debug|Any CPU
		{26F112C1-203F-46E8-8AFE-6034D7D4AAAA}.Debug|x86.Build.0 = Debug|Any CPU
		{26F112C1-203F-46E8-8AFE-6034D7D4AAAA}.Release|Any CPU.ActiveCfg = Release|Any CPU
		{26F112C1-203F-46E8-8AFE-6034D7D4AAAA}.Release|Any CPU.Build.0 = Release|Any CPU
		{26F112C1-203F-46E8-8AFE-6034D7D4AAAA}.Release|x64.ActiveCfg = Release|Any CPU
		{26F112C1-203F-46E8-8AFE-6034D7D4AAAA}.Release|x64.Build.0 = Release|Any CPU
		{26F112C1-203F-46E8-8AFE-6034D7D4AAAA}.Release|x86.ActiveCfg = Release|Any CPU
		{26F112C1-203F-46E8-8AFE-6034D7D4AAAA}.Release|x86.Build.0 = Release|Any CPU
		{13F773FA-AAE4-4312-B543-CDF0A4358CD9}.Debug|Any CPU.ActiveCfg = Debug|Any CPU
		{13F773FA-AAE4-4312-B543-CDF0A4358CD9}.Debug|Any CPU.Build.0 = Debug|Any CPU
		{13F773FA-AAE4-4312-B543-CDF0A4358CD9}.Debug|x64.ActiveCfg = Debug|Any CPU
		{13F773FA-AAE4-4312-B543-CDF0A4358CD9}.Debug|x64.Build.0 = Debug|Any CPU
		{13F773FA-AAE4-4312-B543-CDF0A4358CD9}.Debug|x86.ActiveCfg = Debug|Any CPU
		{13F773FA-AAE4-4312-B543-CDF0A4358CD9}.Debug|x86.Build.0 = Debug|Any CPU
		{13F773FA-AAE4-4312-B543-CDF0A4358CD9}.Release|Any CPU.ActiveCfg = Release|Any CPU
		{13F773FA-AAE4-4312-B543-CDF0A4358CD9}.Release|Any CPU.Build.0 = Release|Any CPU
		{13F773FA-AAE4-4312-B543-CDF0A4358CD9}.Release|x64.ActiveCfg = Release|Any CPU
		{13F773FA-AAE4-4312-B543-CDF0A4358CD9}.Release|x64.Build.0 = Release|Any CPU
		{13F773FA-AAE4-4312-B543-CDF0A4358CD9}.Release|x86.ActiveCfg = Release|Any CPU
		{13F773FA-AAE4-4312-B543-CDF0A4358CD9}.Release|x86.Build.0 = Release|Any CPU
	EndGlobalSection
EndGlobal
